
Microsoft Visual Studio Solution File, Format Version 12.00
# Visual Studio Version 17
VisualStudioVersion = 17.11.35303.130
MinimumVisualStudioVersion = 10.0.40219.1
Project("{8BC9CEB8-8B4A-11D0-8D11-00A0C91BC942}") = "RBTree", "RBTree.vcxproj", "{9591657A-60E5-4E64-9CA2-1D0AA62F1F8B}"
EndProject
Global
	GlobalSection(SolutionConfigurationPlatforms) = preSolution
		Debug|x64 = Debug|x64
		Debug|x86 = Debug|x86
		Release|x64 = Release|x64
		Release|x86 = Release|x86
	EndGlobalSection
	GlobalSection(ProjectConfigurationPlatforms) = postSolution
		{9591657A-60E5-4E64-9CA2-1D0AA62F1F8B}.Debug|x64.ActiveCfg = Debug|x64
		{9591657A-60E5-4E64-9CA2-1D0AA62F1F8B}.Debug|x64.Build.0 = Debug|x64
		{9591657A-60E5-4E64-9CA2-1D0AA62F1F8B}.Debug|x86.ActiveCfg = Debug|Win32
		{9591657A-60E5-4E64-9CA2-1D0AA62F1F8B}.Debug|x86.Build.0 = Debug|Win32
		{9591657A-60E5-4E64-9CA2-1D0AA62F1F8B}.Release|x64.ActiveCfg = Release|x64
		{9591657A-60E5-4E64-9CA2-1D0AA62F1F8B}.Release|x64.Build.0 = Release|x64
		{9591657A-60E5-4E64-9CA2-1D0AA62F1F8B}.Release|x86.ActiveCfg = Release|Win32
		{9591657A-60E5-4E64-9CA2-1D0AA62F1F8B}.Release|x86.Build.0 = Release|Win32
	EndGlobalSection
	GlobalSection(SolutionProperties) = preSolution
		HideSolutionNode = FALSE
	EndGlobalSection
	GlobalSection(ExtensibilityGlobals) = postSolution
		SolutionGuid = {62ECD2E3-27EF-4406-A419-1105C0A32310}
	EndGlobalSection
EndGlobal
